
Microsoft Visual Studio Solution File, Format Version 12.00
Project("{FAE04EC0-301F-11D3-BF4B-00C04F79EFBC}") = "Tests", "Tests\Tests.csproj", "{19FD85D5-6831-4BAC-85B7-B7B22125D663}"
EndProject
Project("{FAE04EC0-301F-11D3-BF4B-00C04F79EFBC}") = "PageObject", "PageObject\PageObject.csproj", "{02835F76-57B2-4FEA-8AFB-F545EBEAD19A}"
EndProject
Global
	GlobalSection(SolutionConfigurationPlatforms) = preSolution
		Debug|Any CPU = Debug|Any CPU
		Release|Any CPU = Release|Any CPU
	EndGlobalSection
	GlobalSection(ProjectConfigurationPlatforms) = postSolution
		{19FD85D5-6831-4BAC-85B7-B7B22125D663}.Debug|Any CPU.ActiveCfg = Debug|Any CPU
		{19FD85D5-6831-4BAC-85B7-B7B22125D663}.Debug|Any CPU.Build.0 = Debug|Any CPU
		{19FD85D5-6831-4BAC-85B7-B7B22125D663}.Release|Any CPU.ActiveCfg = Release|Any CPU
		{19FD85D5-6831-4BAC-85B7-B7B22125D663}.Release|Any CPU.Build.0 = Release|Any CPU
		{02835F76-57B2-4FEA-8AFB-F545EBEAD19A}.Debug|Any CPU.ActiveCfg = Debug|Any CPU
		{02835F76-57B2-4FEA-8AFB-F545EBEAD19A}.Debug|Any CPU.Build.0 = Debug|Any CPU
		{02835F76-57B2-4FEA-8AFB-F545EBEAD19A}.Release|Any CPU.ActiveCfg = Release|Any CPU
		{02835F76-57B2-4FEA-8AFB-F545EBEAD19A}.Release|Any CPU.Build.0 = Release|Any CPU
	EndGlobalSection
EndGlobal
